
Microsoft Visual Studio Solution File, Format Version 12.00
# Visual Studio 15
VisualStudioVersion = 15.0.27428.1
MinimumVisualStudioVersion = 10.0.40219.1
Project("{FAE04EC0-301F-11D3-BF4B-00C04F79EFBC}") = "FanSoftStore.UI", "FanSoftStore.UI\FanSoftStore.UI.csproj", "{EC9FE95A-2DAC-4BED-A4BD-ED8D0BEAD84C}"
EndProject
Global
	GlobalSection(SolutionConfigurationPlatforms) = preSolution
		Debug|Any CPU = Debug|Any CPU
		Release|Any CPU = Release|Any CPU
	EndGlobalSection
	GlobalSection(ProjectConfigurationPlatforms) = postSolution
		{EC9FE95A-2DAC-4BED-A4BD-ED8D0BEAD84C}.Debug|Any CPU.ActiveCfg = Debug|Any CPU
		{EC9FE95A-2DAC-4BED-A4BD-ED8D0BEAD84C}.Debug|Any CPU.Build.0 = Debug|Any CPU
		{EC9FE95A-2DAC-4BED-A4BD-ED8D0BEAD84C}.Release|Any CPU.ActiveCfg = Release|Any CPU
		{EC9FE95A-2DAC-4BED-A4BD-ED8D0BEAD84C}.Release|Any CPU.Build.0 = Release|Any CPU
	EndGlobalSection
	GlobalSection(SolutionProperties) = preSolution
		HideSolutionNode = FALSE
	EndGlobalSection
	GlobalSection(ExtensibilityGlobals) = postSolution
		SolutionGuid = {167EFF85-7A23-41E4-85E7-024C9EFFA13C}
	EndGlobalSection
EndGlobal
